<?xml version="1.0" encoding="utf-8"?>
<Project ToolsVersion="4.0" xmlns="http://schemas.microsoft.com/developer/msbuild/2003">
  <ItemGroup>
    <Filter Include="Source Files">
      <UniqueIdentifier>{4FC737F1-C7A5-4376-A066-2A32D752A2FF}</UniqueIdentifier>
      <Extensions>cpp;c;cc;cxx;c++;cppm;ixx;def;odl;idl;hpj;bat;asm;asmx</Extensions>
    </Filter>
    <Filter Include="Resource Files">
      <UniqueIdentifier>{67DA6AB6-F800-4c08-8B7A-83BB121AAD01}</UniqueIdentifier>
      <Extensions>rc;ico;cur;bmp;dlg;rc2;rct;bin;rgs;gif;jpg;jpeg;jpe;resx;tiff;tif;png;wav;mfcribbon-ms</Extensions>
    </Filter>
    <Filter Include="pch">
      <UniqueIdentifier>{8e5733cd-664b-42f2-8a06-22f06113d286}</UniqueIdentifier>
    </Filter>
    <Filter Include="Public">
      <UniqueIdentifier>{d5fb1a51-14b1-481a-98f8-7a43d75689ff}</UniqueIdentifier>
    </Filter>
    <Filter Include="Header Files">
      <UniqueIdentifier>{93995380-89BD-4b04-88EB-625FBE52EBFB}</UniqueIdentifier>
      <Extensions>h;hh;hpp;hxx;h++;hm;inl;inc;ipp;xsd</Extensions>
    </Filter>
    <Filter Include="Header Files\Labels">
      <UniqueIdentifier>{2cc4c752-c008-493c-9bc1-a369f9c60a91}</UniqueIdentifier>
    </Filter>
    <Filter Include="Public\Utilitis">
      <UniqueIdentifier>{8dc04330-9f88-4601-a3e8-d376aeb40921}</UniqueIdentifier>
    </Filter>
  </ItemGroup>
  <ItemGroup>
    <ClCompile Include="Source.cpp">
      <Filter>Source Files</Filter>
    </ClCompile>
    <ClCompile Include="pch.cpp">
      <Filter>pch</Filter>
    </ClCompile>
    <ClCompile Include="World.cpp">
      <Filter>Public</Filter>
    </ClCompile>
    <ClCompile Include="Creature.cpp">
      <Filter>Public</Filter>
    </ClCompile>
    <ClCompile Include="Entity.cpp">
      <Filter>Public</Filter>
    </ClCompile>
    <ClCompile Include="Exit.cpp">
      <Filter>Public</Filter>
    </ClCompile>
    <ClCompile Include="Item.cpp">
      <Filter>Public</Filter>
    </ClCompile>
    <ClCompile Include="NPC.cpp">
      <Filter>Public</Filter>
    </ClCompile>
    <ClCompile Include="Room.cpp">
      <Filter>Public</Filter>
    </ClCompile>
    <ClCompile Include="Player.cpp">
      <Filter>Public</Filter>
    </ClCompile>
    <ClCompile Include="GlobalFunctions.cpp">
      <Filter>Public\Utilitis</Filter>
    </ClCompile>
    <ClCompile Include="Utility.cpp">
      <Filter>Public\Utilitis</Filter>
    </ClCompile>
  </ItemGroup>
  <ItemGroup>
    <ClInclude Include="utility\Utility.h">
      <Filter>Header Files</Filter>
    </ClInclude>
    <ClInclude Include="pch.h">
      <Filter>pch</Filter>
    </ClInclude>
    <ClInclude Include="World.h">
      <Filter>Header Files</Filter>
    </ClInclude>
    <ClInclude Include="Creature.h">
      <Filter>Header Files</Filter>
    </ClInclude>
    <ClInclude Include="Entity.h">
      <Filter>Header Files</Filter>
    </ClInclude>
    <ClInclude Include="Exit.h">
      <Filter>Header Files</Filter>
    </ClInclude>
    <ClInclude Include="Item.h">
      <Filter>Header Files</Filter>
    </ClInclude>
    <ClInclude Include="NPC.h">
      <Filter>Header Files</Filter>
    </ClInclude>
    <ClInclude Include="Player.h">
      <Filter>Header Files</Filter>
    </ClInclude>
    <ClInclude Include="Room.h">
      <Filter>Header Files</Filter>
    </ClInclude>
    <ClInclude Include="utility\GlobalFunctions.h">
      <Filter>Header Files</Filter>
    </ClInclude>
    <ClInclude Include="utility\Labels.h">
      <Filter>Header Files\Labels</Filter>
    </ClInclude>
  </ItemGroup>
  <ItemGroup>
    <None Include="README.md" />
  </ItemGroup>
</Project>